
Microsoft Visual Studio Solution File, Format Version 12.00
# Visual Studio Version 17
VisualStudioVersion = 17.5.002.0
MinimumVisualStudioVersion = 10.0.40219.1
Project("{9A19103F-16F7-4668-BE54-9A1E7A4F7556}") = "AccountingProAPI", "AccountingProAPI.csproj", "{6C446DE2-BEBA-4B62-A260-9C676083DA08}"
EndProject
Global
	GlobalSection(SolutionConfigurationPlatforms) = preSolution
		Debug|Any CPU = Debug|Any CPU
		Release|Any CPU = Release|Any CPU
	EndGlobalSection
	GlobalSection(ProjectConfigurationPlatforms) = postSolution
		{6C446DE2-BEBA-4B62-A260-9C676083DA08}.Debug|Any CPU.ActiveCfg = Debug|Any CPU
		{6C446DE2-BEBA-4B62-A260-9C676083DA08}.Debug|Any CPU.Build.0 = Debug|Any CPU
		{6C446DE2-BEBA-4B62-A260-9C676083DA08}.Release|Any CPU.ActiveCfg = Release|Any CPU
		{6C446DE2-BEBA-4B62-A260-9C676083DA08}.Release|Any CPU.Build.0 = Release|Any CPU
	EndGlobalSection
	GlobalSection(SolutionProperties) = preSolution
		HideSolutionNode = FALSE
	EndGlobalSection
	GlobalSection(ExtensibilityGlobals) = postSolution
		SolutionGuid = {A7E634CB-F3AE-44AF-AF68-5891ACA9353C}
	EndGlobalSection
EndGlobal
